
Microsoft Visual Studio Solution File, Format Version 12.00
# Visual Studio Version 17
VisualStudioVersion = 17.4.33205.214
MinimumVisualStudioVersion = 10.0.40219.1
Project("{FAE04EC0-301F-11D3-BF4B-00C04F79EFBC}") = "Palindromo", "Palindromo\Palindromo.csproj", "{1FBDA417-4A01-4F1D-BCDB-628D13C1198D}"
EndProject
Global
	GlobalSection(SolutionConfigurationPlatforms) = preSolution
		Debug|Any CPU = Debug|Any CPU
		Release|Any CPU = Release|Any CPU
	EndGlobalSection
	GlobalSection(ProjectConfigurationPlatforms) = postSolution
		{1FBDA417-4A01-4F1D-BCDB-628D13C1198D}.Debug|Any CPU.ActiveCfg = Debug|Any CPU
		{1FBDA417-4A01-4F1D-BCDB-628D13C1198D}.Debug|Any CPU.Build.0 = Debug|Any CPU
		{1FBDA417-4A01-4F1D-BCDB-628D13C1198D}.Release|Any CPU.ActiveCfg = Release|Any CPU
		{1FBDA417-4A01-4F1D-BCDB-628D13C1198D}.Release|Any CPU.Build.0 = Release|Any CPU
	EndGlobalSection
	GlobalSection(SolutionProperties) = preSolution
		HideSolutionNode = FALSE
	EndGlobalSection
	GlobalSection(ExtensibilityGlobals) = postSolution
		SolutionGuid = {8D4507FF-0832-4D33-BEDD-6749BB81C1AC}
	EndGlobalSection
EndGlobal
